{
  "name": "todos-react",
  "lockfileVersion": 3,
  "requires": true,
  "packages": {
    "": {
      "devDependencies": {
        "@tanstack/eslint-plugin-query": "^4.32.5"
      }
    },
    "node_modules/@tanstack/eslint-plugin-query": {
      "version": "4.32.5",
      "resolved": "https://registry.npmjs.org/@tanstack/eslint-plugin-query/-/eslint-plugin-query-4.32.5.tgz",
      "integrity": "sha512-lXgOi5jWsCx8szS4bgKPEBZiCnsxIeVlW5VpJo9JwlEhq7fiUWcTR8IJ+66sAFFfV7dpLj3R6MQjjnDGjlU9xg==",
      "dev": true,
      "funding": {
        "type": "github",
        "url": "https://github.com/sponsors/tannerlinsley"
      }
    }
  }
}
